
Microsoft Visual Studio Solution File, Format Version 12.00
# Visual Studio 15
VisualStudioVersion = 15.0.26124.0
MinimumVisualStudioVersion = 15.0.26124.0
Project("{FAE04EC0-301F-11D3-BF4B-00C04F79EFBC}") = "API", "API\API.csproj", "{3EAC5DC3-FA73-4E16-9075-10C4A016431B}"
EndProject
Project("{FAE04EC0-301F-11D3-BF4B-00C04F79EFBC}") = "Domain", "Domain\Domain.csproj", "{040D8F15-DD85-4ABE-9820-6DC275EABC8C}"
EndProject
Project("{FAE04EC0-301F-11D3-BF4B-00C04F79EFBC}") = "Persistance", "persistance\Persistance.csproj", "{6063F618-2264-4D05-AC11-78190EC593CA}"
EndProject
Project("{FAE04EC0-301F-11D3-BF4B-00C04F79EFBC}") = "Application", "application\Application.csproj", "{98C3511B-C976-4361-B10B-A8EF58C3DA12}"
EndProject
Global
	GlobalSection(SolutionConfigurationPlatforms) = preSolution
		Debug|Any CPU = Debug|Any CPU
		Debug|x64 = Debug|x64
		Debug|x86 = Debug|x86
		Release|Any CPU = Release|Any CPU
		Release|x64 = Release|x64
		Release|x86 = Release|x86
	EndGlobalSection
	GlobalSection(SolutionProperties) = preSolution
		HideSolutionNode = FALSE
	EndGlobalSection
	GlobalSection(ProjectConfigurationPlatforms) = postSolution
		{3EAC5DC3-FA73-4E16-9075-10C4A016431B}.Debug|Any CPU.ActiveCfg = Debug|Any CPU
		{3EAC5DC3-FA73-4E16-9075-10C4A016431B}.Debug|Any CPU.Build.0 = Debug|Any CPU
		{3EAC5DC3-FA73-4E16-9075-10C4A016431B}.Debug|x64.ActiveCfg = Debug|Any CPU
		{3EAC5DC3-FA73-4E16-9075-10C4A016431B}.Debug|x64.Build.0 = Debug|Any CPU
		{3EAC5DC3-FA73-4E16-9075-10C4A016431B}.Debug|x86.ActiveCfg = Debug|Any CPU
		{3EAC5DC3-FA73-4E16-9075-10C4A016431B}.Debug|x86.Build.0 = Debug|Any CPU
		{3EAC5DC3-FA73-4E16-9075-10C4A016431B}.Release|Any CPU.ActiveCfg = Release|Any CPU
		{3EAC5DC3-FA73-4E16-9075-10C4A016431B}.Release|Any CPU.Build.0 = Release|Any CPU
		{3EAC5DC3-FA73-4E16-9075-10C4A016431B}.Release|x64.ActiveCfg = Release|Any CPU
		{3EAC5DC3-FA73-4E16-9075-10C4A016431B}.Release|x64.Build.0 = Release|Any CPU
		{3EAC5DC3-FA73-4E16-9075-10C4A016431B}.Release|x86.ActiveCfg = Release|Any CPU
		{3EAC5DC3-FA73-4E16-9075-10C4A016431B}.Release|x86.Build.0 = Release|Any CPU
		{040D8F15-DD85-4ABE-9820-6DC275EABC8C}.Debug|Any CPU.ActiveCfg = Debug|Any CPU
		{040D8F15-DD85-4ABE-9820-6DC275EABC8C}.Debug|Any CPU.Build.0 = Debug|Any CPU
		{040D8F15-DD85-4ABE-9820-6DC275EABC8C}.Debug|x64.ActiveCfg = Debug|Any CPU
		{040D8F15-DD85-4ABE-9820-6DC275EABC8C}.Debug|x64.Build.0 = Debug|Any CPU
		{040D8F15-DD85-4ABE-9820-6DC275EABC8C}.Debug|x86.ActiveCfg = Debug|Any CPU
		{040D8F15-DD85-4ABE-9820-6DC275EABC8C}.Debug|x86.Build.0 = Debug|Any CPU
		{040D8F15-DD85-4ABE-9820-6DC275EABC8C}.Release|Any CPU.ActiveCfg = Release|Any CPU
		{040D8F15-DD85-4ABE-9820-6DC275EABC8C}.Release|Any CPU.Build.0 = Release|Any CPU
		{040D8F15-DD85-4ABE-9820-6DC275EABC8C}.Release|x64.ActiveCfg = Release|Any CPU
		{040D8F15-DD85-4ABE-9820-6DC275EABC8C}.Release|x64.Build.0 = Release|Any CPU
		{040D8F15-DD85-4ABE-9820-6DC275EABC8C}.Release|x86.ActiveCfg = Release|Any CPU
		{040D8F15-DD85-4ABE-9820-6DC275EABC8C}.Release|x86.Build.0 = Release|Any CPU
		{6063F618-2264-4D05-AC11-78190EC593CA}.Debug|Any CPU.ActiveCfg = Debug|Any CPU
		{6063F618-2264-4D05-AC11-78190EC593CA}.Debug|Any CPU.Build.0 = Debug|Any CPU
		{6063F618-2264-4D05-AC11-78190EC593CA}.Debug|x64.ActiveCfg = Debug|Any CPU
		{6063F618-2264-4D05-AC11-78190EC593CA}.Debug|x64.Build.0 = Debug|Any CPU
		{6063F618-2264-4D05-AC11-78190EC593CA}.Debug|x86.ActiveCfg = Debug|Any CPU
		{6063F618-2264-4D05-AC11-78190EC593CA}.Debug|x86.Build.0 = Debug|Any CPU
		{6063F618-2264-4D05-AC11-78190EC593CA}.Release|Any CPU.ActiveCfg = Release|Any CPU
		{6063F618-2264-4D05-AC11-78190EC593CA}.Release|Any CPU.Build.0 = Release|Any CPU
		{6063F618-2264-4D05-AC11-78190EC593CA}.Release|x64.ActiveCfg = Release|Any CPU
		{6063F618-2264-4D05-AC11-78190EC593CA}.Release|x64.Build.0 = Release|Any CPU
		{6063F618-2264-4D05-AC11-78190EC593CA}.Release|x86.ActiveCfg = Release|Any CPU
		{6063F618-2264-4D05-AC11-78190EC593CA}.Release|x86.Build.0 = Release|Any CPU
		{98C3511B-C976-4361-B10B-A8EF58C3DA12}.Debug|Any CPU.ActiveCfg = Debug|Any CPU
		{98C3511B-C976-4361-B10B-A8EF58C3DA12}.Debug|Any CPU.Build.0 = Debug|Any CPU
		{98C3511B-C976-4361-B10B-A8EF58C3DA12}.Debug|x64.ActiveCfg = Debug|Any CPU
		{98C3511B-C976-4361-B10B-A8EF58C3DA12}.Debug|x64.Build.0 = Debug|Any CPU
		{98C3511B-C976-4361-B10B-A8EF58C3DA12}.Debug|x86.ActiveCfg = Debug|Any CPU
		{98C3511B-C976-4361-B10B-A8EF58C3DA12}.Debug|x86.Build.0 = Debug|Any CPU
		{98C3511B-C976-4361-B10B-A8EF58C3DA12}.Release|Any CPU.ActiveCfg = Release|Any CPU
		{98C3511B-C976-4361-B10B-A8EF58C3DA12}.Release|Any CPU.Build.0 = Release|Any CPU
		{98C3511B-C976-4361-B10B-A8EF58C3DA12}.Release|x64.ActiveCfg = Release|Any CPU
		{98C3511B-C976-4361-B10B-A8EF58C3DA12}.Release|x64.Build.0 = Release|Any CPU
		{98C3511B-C976-4361-B10B-A8EF58C3DA12}.Release|x86.ActiveCfg = Release|Any CPU
		{98C3511B-C976-4361-B10B-A8EF58C3DA12}.Release|x86.Build.0 = Release|Any CPU
	EndGlobalSection
EndGlobal
